{
  "name": "shop",
  "lockfileVersion": 2,
  "requires": true,
  "packages": {
    "": {
      "dependencies": {
        "netlify-cms-app": "2.15.19"
      }
    },
    "node_modules/codemirror": {
      "version": "5.61.1",
      "resolved": "https://registry.npmjs.org/codemirror/-/codemirror-5.61.1.tgz",
      "integrity": "sha512-+D1NZjAucuzE93vJGbAaXzvoBHwp9nJZWWWF9utjv25+5AZUiah6CIlfb4ikG4MoDsFsCG8niiJH5++OO2LgIQ=="
    },
    "node_modules/js-tokens": {
      "version": "4.0.0",
      "resolved": "https://registry.npmjs.org/js-tokens/-/js-tokens-4.0.0.tgz",
      "integrity": "sha512-RdJUflcE3cUzKiMqQgsCu06FPu9UdIJO0beYbPhHN4k6apgJtifcoCtT9bcxOpYBtpD2kCM6Sbzg4CausW/PKQ=="
    },
    "node_modules/loose-envify": {
      "version": "1.4.0",
      "resolved": "https://registry.npmjs.org/loose-envify/-/loose-envify-1.4.0.tgz",
      "integrity": "sha512-lyuxPGr/Wfhrlem2CL/UcnUc1zcqKAImBDzukY7Y5F/yQiNdko6+fRLevlw1HgMySw7f611UIY408EtxRSoK3Q==",
      "dependencies": {
        "js-tokens": "^3.0.0 || ^4.0.0"
      },
      "bin": {
        "loose-envify": "cli.js"
      }
    },
    "node_modules/netlify-cms-app": {
      "version": "2.15.19",
      "resolved": "https://registry.npmjs.org/netlify-cms-app/-/netlify-cms-app-2.15.19.tgz",
      "integrity": "sha512-ltmQZAS27HHJJokSSIrsZ84nUSpl6QoJ+wzvjrnhFYCAQPUPNQcYYahCFZrqyjp8k7A7ep1ZkkUDFX/1TI2r/A==",
      "dependencies": {
        "@emotion/core": "^10.0.35",
        "@emotion/styled": "^10.0.27",
        "codemirror": "^5.46.0",
        "immutable": "^3.7.6",
        "lodash": "^4.17.11",
        "moment": "^2.24.0",
        "netlify-cms-backend-azure": "^1.2.2",
        "netlify-cms-backend-bitbucket": "^2.13.3",
        "netlify-cms-backend-git-gateway": "^2.12.2",
        "netlify-cms-backend-github": "^2.13.3",
        "netlify-cms-backend-gitlab": "^2.11.4",
        "netlify-cms-backend-proxy": "^1.2.3",
        "netlify-cms-backend-test": "^2.11.3",
        "netlify-cms-core": "^2.40.12",
        "netlify-cms-editor-component-image": "^2.7.0",
        "netlify-cms-lib-auth": "^2.4.2",
        "netlify-cms-lib-util": "^2.13.3",
        "netlify-cms-lib-widgets": "^1.6.3",
        "netlify-cms-locales": "^1.31.0",
        "netlify-cms-ui-default": "^2.13.4",
        "netlify-cms-widget-boolean": "^2.4.1",
        "netlify-cms-widget-code": "^1.3.3",
        "netlify-cms-widget-colorstring": "^1.1.1",
        "netlify-cms-widget-date": "^2.6.2",
        "netlify-cms-widget-datetime": "^2.7.2",
        "netlify-cms-widget-file": "^2.10.1",
        "netlify-cms-widget-image": "^2.8.1",
        "netlify-cms-widget-list": "^2.9.2",
        "netlify-cms-widget-map": "^1.5.0",
        "netlify-cms-widget-markdown": "^2.13.4",
        "netlify-cms-widget-number": "^2.5.0",
        "netlify-cms-widget-object": "^2.7.0",
        "netlify-cms-widget-relation": "^2.10.3",
        "netlify-cms-widget-select": "^2.8.2",
        "netlify-cms-widget-string": "^2.3.0",
        "netlify-cms-widget-text": "^2.4.1",
        "prop-types": "^15.7.2",
        "react-immutable-proptypes": "^2.1.0",
        "uuid": "^3.3.2"
      },
      "peerDependencies": {
        "react": "^16.8.4 || ^17.0.0",
        "react-dom": "^16.8.4 || ^17.0.0"
      }
    },
    "node_modules/netlify-cms-locales": {
      "version": "1.31.0",
      "resolved": "https://registry.npmjs.org/netlify-cms-locales/-/netlify-cms-locales-1.31.0.tgz",
      "integrity": "sha512-JQMpIFbio7RJO37+2jN9v4ZTuQa8jlNAnhUVNUf2kEaErfb0yDeuTfdEhRsFnLwYg7/laNpWtlxjSOcBDkbQWA=="
    },
    "node_modules/object-assign": {
      "version": "4.1.1",
      "resolved": "https://registry.npmjs.org/object-assign/-/object-assign-4.1.1.tgz",
      "integrity": "sha1-IQmtx5ZYh8/AXLvUQsrIv7s2CGM=",
      "engines": {
        "node": ">=0.10.0"
      }
    },
    "node_modules/prop-types": {
      "version": "15.7.2",
      "resolved": "https://registry.npmjs.org/prop-types/-/prop-types-15.7.2.tgz",
      "integrity": "sha512-8QQikdH7//R2vurIJSutZ1smHYTcLpRWEOlHnzcWHmBYrOGUysKwSsrC89BCiFj3CbrfJ/nXFdJepOVrY1GCHQ==",
      "dependencies": {
        "loose-envify": "^1.4.0",
        "object-assign": "^4.1.1",
        "react-is": "^16.8.1"
      }
    },
    "node_modules/react": {
      "version": "16.14.0",
      "resolved": "https://registry.npmjs.org/react/-/react-16.14.0.tgz",
      "integrity": "sha512-0X2CImDkJGApiAlcf0ODKIneSwBPhqJawOa5wCtKbu7ZECrmS26NvtSILynQ66cgkT/RJ4LidJOc3bUESwmU8g==",
      "peer": true,
      "dependencies": {
        "loose-envify": "^1.1.0",
        "object-assign": "^4.1.1",
        "prop-types": "^15.6.2"
      },
      "engines": {
        "node": ">=0.10.0"
      }
    },
    "node_modules/react-is": {
      "version": "16.13.1",
      "resolved": "https://registry.npmjs.org/react-is/-/react-is-16.13.1.tgz",
      "integrity": "sha512-24e6ynE2H+OKt4kqsOvNd8kBpV65zoxbA4BVsEOB3ARVWQki/DHzaUoC5KuON/BiccDaCCTZBuOcfZs70kR8bQ=="
    }
  },
  "dependencies": {
    "codemirror": {
      "version": "5.61.1",
      "resolved": "https://registry.npmjs.org/codemirror/-/codemirror-5.61.1.tgz",
      "integrity": "sha512-+D1NZjAucuzE93vJGbAaXzvoBHwp9nJZWWWF9utjv25+5AZUiah6CIlfb4ikG4MoDsFsCG8niiJH5++OO2LgIQ=="
    },
    "js-tokens": {
      "version": "4.0.0",
      "resolved": "https://registry.npmjs.org/js-tokens/-/js-tokens-4.0.0.tgz",
      "integrity": "sha512-RdJUflcE3cUzKiMqQgsCu06FPu9UdIJO0beYbPhHN4k6apgJtifcoCtT9bcxOpYBtpD2kCM6Sbzg4CausW/PKQ=="
    },
    "loose-envify": {
      "version": "1.4.0",
      "resolved": "https://registry.npmjs.org/loose-envify/-/loose-envify-1.4.0.tgz",
      "integrity": "sha512-lyuxPGr/Wfhrlem2CL/UcnUc1zcqKAImBDzukY7Y5F/yQiNdko6+fRLevlw1HgMySw7f611UIY408EtxRSoK3Q==",
      "requires": {
        "js-tokens": "^3.0.0 || ^4.0.0"
      }
    },
    "netlify-cms-app": {
      "version": "2.15.19",
      "resolved": "https://registry.npmjs.org/netlify-cms-app/-/netlify-cms-app-2.15.19.tgz",
      "integrity": "sha512-ltmQZAS27HHJJokSSIrsZ84nUSpl6QoJ+wzvjrnhFYCAQPUPNQcYYahCFZrqyjp8k7A7ep1ZkkUDFX/1TI2r/A==",
      "requires": {
        "@emotion/core": "^10.0.35",
        "@emotion/styled": "^10.0.27",
        "codemirror": "^5.46.0",
        "immutable": "^3.7.6",
        "lodash": "^4.17.11",
        "moment": "^2.24.0",
        "netlify-cms-backend-azure": "^1.2.2",
        "netlify-cms-backend-bitbucket": "^2.13.3",
        "netlify-cms-backend-git-gateway": "^2.12.2",
        "netlify-cms-backend-github": "^2.13.3",
        "netlify-cms-backend-gitlab": "^2.11.4",
        "netlify-cms-backend-proxy": "^1.2.3",
        "netlify-cms-backend-test": "^2.11.3",
        "netlify-cms-core": "^2.40.12",
        "netlify-cms-editor-component-image": "^2.7.0",
        "netlify-cms-lib-auth": "^2.4.2",
        "netlify-cms-lib-util": "^2.13.3",
        "netlify-cms-lib-widgets": "^1.6.3",
        "netlify-cms-locales": "^1.31.0",
        "netlify-cms-ui-default": "^2.13.4",
        "netlify-cms-widget-boolean": "^2.4.1",
        "netlify-cms-widget-code": "^1.3.3",
        "netlify-cms-widget-colorstring": "^1.1.1",
        "netlify-cms-widget-date": "^2.6.2",
        "netlify-cms-widget-datetime": "^2.7.2",
        "netlify-cms-widget-file": "^2.10.1",
        "netlify-cms-widget-image": "^2.8.1",
        "netlify-cms-widget-list": "^2.9.2",
        "netlify-cms-widget-map": "^1.5.0",
        "netlify-cms-widget-markdown": "^2.13.4",
        "netlify-cms-widget-number": "^2.5.0",
        "netlify-cms-widget-object": "^2.7.0",
        "netlify-cms-widget-relation": "^2.10.3",
        "netlify-cms-widget-select": "^2.8.2",
        "netlify-cms-widget-string": "^2.3.0",
        "netlify-cms-widget-text": "^2.4.1",
        "prop-types": "^15.7.2",
        "react-immutable-proptypes": "^2.1.0",
        "uuid": "^3.3.2"
      }
    },
    "netlify-cms-locales": {
      "version": "1.31.0",
      "resolved": "https://registry.npmjs.org/netlify-cms-locales/-/netlify-cms-locales-1.31.0.tgz",
      "integrity": "sha512-JQMpIFbio7RJO37+2jN9v4ZTuQa8jlNAnhUVNUf2kEaErfb0yDeuTfdEhRsFnLwYg7/laNpWtlxjSOcBDkbQWA=="
    },
    "object-assign": {
      "version": "4.1.1",
      "resolved": "https://registry.npmjs.org/object-assign/-/object-assign-4.1.1.tgz",
      "integrity": "sha1-IQmtx5ZYh8/AXLvUQsrIv7s2CGM="
    },
    "prop-types": {
      "version": "15.7.2",
      "resolved": "https://registry.npmjs.org/prop-types/-/prop-types-15.7.2.tgz",
      "integrity": "sha512-8QQikdH7//R2vurIJSutZ1smHYTcLpRWEOlHnzcWHmBYrOGUysKwSsrC89BCiFj3CbrfJ/nXFdJepOVrY1GCHQ==",
      "requires": {
        "loose-envify": "^1.4.0",
        "object-assign": "^4.1.1",
        "react-is": "^16.8.1"
      }
    },
    "react": {
      "version": "16.14.0",
      "resolved": "https://registry.npmjs.org/react/-/react-16.14.0.tgz",
      "integrity": "sha512-0X2CImDkJGApiAlcf0ODKIneSwBPhqJawOa5wCtKbu7ZECrmS26NvtSILynQ66cgkT/RJ4LidJOc3bUESwmU8g==",
      "peer": true,
      "requires": {
        "loose-envify": "^1.1.0",
        "object-assign": "^4.1.1",
        "prop-types": "^15.6.2"
      }
    },
    "react-is": {
      "version": "16.13.1",
      "resolved": "https://registry.npmjs.org/react-is/-/react-is-16.13.1.tgz",
      "integrity": "sha512-24e6ynE2H+OKt4kqsOvNd8kBpV65zoxbA4BVsEOB3ARVWQki/DHzaUoC5KuON/BiccDaCCTZBuOcfZs70kR8bQ=="
    }
  }
}
